
Microsoft Visual Studio Solution File, Format Version 12.00
# Visual Studio Version 17
VisualStudioVersion = 17.5.002.0
MinimumVisualStudioVersion = 10.0.40219.1
Project("{2150E333-8FDC-42A3-9474-1A3956D46DE8}") = "Labfiles", "Labfiles", "{AD69E04C-B05C-4405-A898-7A6C2341CB4F}"
EndProject
Project("{2150E333-8FDC-42A3-9474-1A3956D46DE8}") = "02-azure-openai-api", "02-azure-openai-api", "{51BB30AF-DBC5-44FD-895D-29704501A1F0}"
EndProject
Project("{9A19103F-16F7-4668-BE54-9A1E7A4F7556}") = "CSharp", "Labfiles\02-azure-openai-api\CSharp\CSharp.csproj", "{F495047A-68F8-4ACD-9719-15E794C97E14}"
EndProject
Project("{2150E333-8FDC-42A3-9474-1A3956D46DE8}") = "03-prompt-engineering", "03-prompt-engineering", "{0BF36A63-7864-4C68-BAAB-D58F04D56976}"
EndProject
Project("{9A19103F-16F7-4668-BE54-9A1E7A4F7556}") = "CSharp", "Labfiles\03-prompt-engineering\CSharp\CSharp.csproj", "{2446606D-0E03-4B00-9BCD-88DC0E7A6F1F}"
EndProject
Project("{2150E333-8FDC-42A3-9474-1A3956D46DE8}") = "04-code-generation", "04-code-generation", "{8B0A7D6D-65B1-4B3B-BEE8-1D8C765698A2}"
EndProject
Project("{9A19103F-16F7-4668-BE54-9A1E7A4F7556}") = "CSharp", "Labfiles\04-code-generation\CSharp\CSharp.csproj", "{5944D1CD-55F7-40A1-8FE6-1D6104DE3B66}"
EndProject
Project("{2150E333-8FDC-42A3-9474-1A3956D46DE8}") = "05-image-generation", "05-image-generation", "{8AD7C280-08B0-4751-880C-D86DC1CC793A}"
EndProject
Project("{9A19103F-16F7-4668-BE54-9A1E7A4F7556}") = "generate_image", "Labfiles\05-image-generation\CSharp\generate_image.csproj", "{AE23319C-0029-442B-9D94-A51EC5A435D0}"
EndProject
Project("{2150E333-8FDC-42A3-9474-1A3956D46DE8}") = "06-use-own-data", "06-use-own-data", "{B09E2F53-7F05-4F7F-83B9-BAAEF1B9B0CE}"
EndProject
Project("{9A19103F-16F7-4668-BE54-9A1E7A4F7556}") = "CSharp", "Labfiles\06-use-own-data\CSharp\CSharp.csproj", "{1C235CB5-B649-4B51-94F2-ED605E898F38}"
EndProject
Project("{2150E333-8FDC-42A3-9474-1A3956D46DE8}") = "sample-code", "sample-code", "{D219A730-ED88-4B83-9725-870540190BB3}"
EndProject
Project("{9A19103F-16F7-4668-BE54-9A1E7A4F7556}") = "CSharp", "Labfiles\04-code-generation\sample-code\go-fish\CSharp.csproj", "{57944894-F485-4D5D-8B44-26F723A9A7DB}"
EndProject
Global
	GlobalSection(SolutionConfigurationPlatforms) = preSolution
		Debug|Any CPU = Debug|Any CPU
		Release|Any CPU = Release|Any CPU
	EndGlobalSection
	GlobalSection(ProjectConfigurationPlatforms) = postSolution
		{F495047A-68F8-4ACD-9719-15E794C97E14}.Debug|Any CPU.ActiveCfg = Debug|Any CPU
		{F495047A-68F8-4ACD-9719-15E794C97E14}.Debug|Any CPU.Build.0 = Debug|Any CPU
		{F495047A-68F8-4ACD-9719-15E794C97E14}.Release|Any CPU.ActiveCfg = Release|Any CPU
		{F495047A-68F8-4ACD-9719-15E794C97E14}.Release|Any CPU.Build.0 = Release|Any CPU
		{2446606D-0E03-4B00-9BCD-88DC0E7A6F1F}.Debug|Any CPU.ActiveCfg = Debug|Any CPU
		{2446606D-0E03-4B00-9BCD-88DC0E7A6F1F}.Debug|Any CPU.Build.0 = Debug|Any CPU
		{2446606D-0E03-4B00-9BCD-88DC0E7A6F1F}.Release|Any CPU.ActiveCfg = Release|Any CPU
		{2446606D-0E03-4B00-9BCD-88DC0E7A6F1F}.Release|Any CPU.Build.0 = Release|Any CPU
		{5944D1CD-55F7-40A1-8FE6-1D6104DE3B66}.Debug|Any CPU.ActiveCfg = Debug|Any CPU
		{5944D1CD-55F7-40A1-8FE6-1D6104DE3B66}.Debug|Any CPU.Build.0 = Debug|Any CPU
		{5944D1CD-55F7-40A1-8FE6-1D6104DE3B66}.Release|Any CPU.ActiveCfg = Release|Any CPU
		{5944D1CD-55F7-40A1-8FE6-1D6104DE3B66}.Release|Any CPU.Build.0 = Release|Any CPU
		{AE23319C-0029-442B-9D94-A51EC5A435D0}.Debug|Any CPU.ActiveCfg = Debug|Any CPU
		{AE23319C-0029-442B-9D94-A51EC5A435D0}.Debug|Any CPU.Build.0 = Debug|Any CPU
		{AE23319C-0029-442B-9D94-A51EC5A435D0}.Release|Any CPU.ActiveCfg = Release|Any CPU
		{AE23319C-0029-442B-9D94-A51EC5A435D0}.Release|Any CPU.Build.0 = Release|Any CPU
		{1C235CB5-B649-4B51-94F2-ED605E898F38}.Debug|Any CPU.ActiveCfg = Debug|Any CPU
		{1C235CB5-B649-4B51-94F2-ED605E898F38}.Debug|Any CPU.Build.0 = Debug|Any CPU
		{1C235CB5-B649-4B51-94F2-ED605E898F38}.Release|Any CPU.ActiveCfg = Release|Any CPU
		{1C235CB5-B649-4B51-94F2-ED605E898F38}.Release|Any CPU.Build.0 = Release|Any CPU
		{57944894-F485-4D5D-8B44-26F723A9A7DB}.Debug|Any CPU.ActiveCfg = Debug|Any CPU
		{57944894-F485-4D5D-8B44-26F723A9A7DB}.Debug|Any CPU.Build.0 = Debug|Any CPU
		{57944894-F485-4D5D-8B44-26F723A9A7DB}.Release|Any CPU.ActiveCfg = Release|Any CPU
		{57944894-F485-4D5D-8B44-26F723A9A7DB}.Release|Any CPU.Build.0 = Release|Any CPU
	EndGlobalSection
	GlobalSection(SolutionProperties) = preSolution
		HideSolutionNode = FALSE
	EndGlobalSection
	GlobalSection(NestedProjects) = preSolution
		{51BB30AF-DBC5-44FD-895D-29704501A1F0} = {AD69E04C-B05C-4405-A898-7A6C2341CB4F}
		{F495047A-68F8-4ACD-9719-15E794C97E14} = {51BB30AF-DBC5-44FD-895D-29704501A1F0}
		{0BF36A63-7864-4C68-BAAB-D58F04D56976} = {AD69E04C-B05C-4405-A898-7A6C2341CB4F}
		{2446606D-0E03-4B00-9BCD-88DC0E7A6F1F} = {0BF36A63-7864-4C68-BAAB-D58F04D56976}
		{8B0A7D6D-65B1-4B3B-BEE8-1D8C765698A2} = {AD69E04C-B05C-4405-A898-7A6C2341CB4F}
		{5944D1CD-55F7-40A1-8FE6-1D6104DE3B66} = {8B0A7D6D-65B1-4B3B-BEE8-1D8C765698A2}
		{8AD7C280-08B0-4751-880C-D86DC1CC793A} = {AD69E04C-B05C-4405-A898-7A6C2341CB4F}
		{AE23319C-0029-442B-9D94-A51EC5A435D0} = {8AD7C280-08B0-4751-880C-D86DC1CC793A}
		{B09E2F53-7F05-4F7F-83B9-BAAEF1B9B0CE} = {AD69E04C-B05C-4405-A898-7A6C2341CB4F}
		{1C235CB5-B649-4B51-94F2-ED605E898F38} = {B09E2F53-7F05-4F7F-83B9-BAAEF1B9B0CE}
		{D219A730-ED88-4B83-9725-870540190BB3} = {8B0A7D6D-65B1-4B3B-BEE8-1D8C765698A2}
		{57944894-F485-4D5D-8B44-26F723A9A7DB} = {D219A730-ED88-4B83-9725-870540190BB3}
	EndGlobalSection
	GlobalSection(ExtensibilityGlobals) = postSolution
		SolutionGuid = {09F7EC3F-DEA3-477C-89FA-C6FBC61D6569}
	EndGlobalSection
EndGlobal
